
Microsoft Visual Studio Solution File, Format Version 12.00
Project("{FAE04EC0-301F-11D3-BF4B-00C04F79EFBC}") = "Echidna2", "Echidna2\Echidna2.csproj", "{CDE8C1D7-2590-4166-A742-9CE9E621D16D}"
EndProject
Project("{FAE04EC0-301F-11D3-BF4B-00C04F79EFBC}") = "Echidna2.Core", "Echidna2.Core\Echidna2.Core.csproj", "{FC0086DE-174A-4CAC-84B4-D4AEE8758996}"
EndProject
Project("{FAE04EC0-301F-11D3-BF4B-00C04F79EFBC}") = "Echidna2.SourceGenerators", "Echidna2.SourceGenerators\Echidna2.SourceGenerators.csproj", "{A472D21C-7E78-4931-8599-4B0011ACD242}"
EndProject
Project("{FAE04EC0-301F-11D3-BF4B-00C04F79EFBC}") = "Echidna2.Rendering", "Echidna2.Rendering\Echidna2.Rendering.csproj", "{4BEF9CD0-15D5-49FC-B314-5BD183343690}"
EndProject
Project("{FAE04EC0-301F-11D3-BF4B-00C04F79EFBC}") = "Echidna2.Mathematics", "Echidna2.Mathematics\Echidna2.Mathematics.csproj", "{EC7DB4A4-2433-4F1D-BC38-FCCB8C222B54}"
EndProject
Project("{FAE04EC0-301F-11D3-BF4B-00C04F79EFBC}") = "Echidna2.Gui", "Echidna2.Gui\Echidna2.Gui.csproj", "{1F8910C6-63D7-45AD-828A-64FB26FDAEF4}"
EndProject
Project("{FAE04EC0-301F-11D3-BF4B-00C04F79EFBC}") = "StbSharp.MonoGame.Test", "StbSharp.MonoGame.Test\StbSharp.MonoGame.Test.csproj", "{6D632266-79C2-4FD8-BC18-3F3A7F2E97E5}"
EndProject
Project("{FAE04EC0-301F-11D3-BF4B-00C04F79EFBC}") = "TooManyExtensions", "TooManyExtensions\TooManyExtensions.csproj", "{E7E57B27-0840-460B-8796-3EFAD75EA190}"
EndProject
Project("{FAE04EC0-301F-11D3-BF4B-00C04F79EFBC}") = "Echidna2.Rendering3D", "Echidna2.Rendering3D\Echidna2.Rendering3D.csproj", "{C0C5D587-0C07-4DF3-AB20-D268CB423E9F}"
EndProject
Global
	GlobalSection(SolutionConfigurationPlatforms) = preSolution
		Debug|Any CPU = Debug|Any CPU
		Release|Any CPU = Release|Any CPU
	EndGlobalSection
	GlobalSection(ProjectConfigurationPlatforms) = postSolution
		{CDE8C1D7-2590-4166-A742-9CE9E621D16D}.Debug|Any CPU.ActiveCfg = Debug|Any CPU
		{CDE8C1D7-2590-4166-A742-9CE9E621D16D}.Debug|Any CPU.Build.0 = Debug|Any CPU
		{CDE8C1D7-2590-4166-A742-9CE9E621D16D}.Release|Any CPU.ActiveCfg = Release|Any CPU
		{CDE8C1D7-2590-4166-A742-9CE9E621D16D}.Release|Any CPU.Build.0 = Release|Any CPU
		{FC0086DE-174A-4CAC-84B4-D4AEE8758996}.Debug|Any CPU.ActiveCfg = Debug|Any CPU
		{FC0086DE-174A-4CAC-84B4-D4AEE8758996}.Debug|Any CPU.Build.0 = Debug|Any CPU
		{FC0086DE-174A-4CAC-84B4-D4AEE8758996}.Release|Any CPU.ActiveCfg = Release|Any CPU
		{FC0086DE-174A-4CAC-84B4-D4AEE8758996}.Release|Any CPU.Build.0 = Release|Any CPU
		{A472D21C-7E78-4931-8599-4B0011ACD242}.Debug|Any CPU.ActiveCfg = Debug|Any CPU
		{A472D21C-7E78-4931-8599-4B0011ACD242}.Debug|Any CPU.Build.0 = Debug|Any CPU
		{A472D21C-7E78-4931-8599-4B0011ACD242}.Release|Any CPU.ActiveCfg = Release|Any CPU
		{A472D21C-7E78-4931-8599-4B0011ACD242}.Release|Any CPU.Build.0 = Release|Any CPU
		{4BEF9CD0-15D5-49FC-B314-5BD183343690}.Debug|Any CPU.ActiveCfg = Debug|Any CPU
		{4BEF9CD0-15D5-49FC-B314-5BD183343690}.Debug|Any CPU.Build.0 = Debug|Any CPU
		{4BEF9CD0-15D5-49FC-B314-5BD183343690}.Release|Any CPU.ActiveCfg = Release|Any CPU
		{4BEF9CD0-15D5-49FC-B314-5BD183343690}.Release|Any CPU.Build.0 = Release|Any CPU
		{EC7DB4A4-2433-4F1D-BC38-FCCB8C222B54}.Debug|Any CPU.ActiveCfg = Debug|Any CPU
		{EC7DB4A4-2433-4F1D-BC38-FCCB8C222B54}.Debug|Any CPU.Build.0 = Debug|Any CPU
		{EC7DB4A4-2433-4F1D-BC38-FCCB8C222B54}.Release|Any CPU.ActiveCfg = Release|Any CPU
		{EC7DB4A4-2433-4F1D-BC38-FCCB8C222B54}.Release|Any CPU.Build.0 = Release|Any CPU
		{1F8910C6-63D7-45AD-828A-64FB26FDAEF4}.Debug|Any CPU.ActiveCfg = Debug|Any CPU
		{1F8910C6-63D7-45AD-828A-64FB26FDAEF4}.Debug|Any CPU.Build.0 = Debug|Any CPU
		{1F8910C6-63D7-45AD-828A-64FB26FDAEF4}.Release|Any CPU.ActiveCfg = Release|Any CPU
		{1F8910C6-63D7-45AD-828A-64FB26FDAEF4}.Release|Any CPU.Build.0 = Release|Any CPU
		{6D632266-79C2-4FD8-BC18-3F3A7F2E97E5}.Debug|Any CPU.ActiveCfg = Debug|Any CPU
		{6D632266-79C2-4FD8-BC18-3F3A7F2E97E5}.Debug|Any CPU.Build.0 = Debug|Any CPU
		{6D632266-79C2-4FD8-BC18-3F3A7F2E97E5}.Release|Any CPU.ActiveCfg = Release|Any CPU
		{6D632266-79C2-4FD8-BC18-3F3A7F2E97E5}.Release|Any CPU.Build.0 = Release|Any CPU
		{E7E57B27-0840-460B-8796-3EFAD75EA190}.Debug|Any CPU.ActiveCfg = Debug|Any CPU
		{E7E57B27-0840-460B-8796-3EFAD75EA190}.Debug|Any CPU.Build.0 = Debug|Any CPU
		{E7E57B27-0840-460B-8796-3EFAD75EA190}.Release|Any CPU.ActiveCfg = Release|Any CPU
		{E7E57B27-0840-460B-8796-3EFAD75EA190}.Release|Any CPU.Build.0 = Release|Any CPU
		{C0C5D587-0C07-4DF3-AB20-D268CB423E9F}.Debug|Any CPU.ActiveCfg = Debug|Any CPU
		{C0C5D587-0C07-4DF3-AB20-D268CB423E9F}.Debug|Any CPU.Build.0 = Debug|Any CPU
		{C0C5D587-0C07-4DF3-AB20-D268CB423E9F}.Release|Any CPU.ActiveCfg = Release|Any CPU
		{C0C5D587-0C07-4DF3-AB20-D268CB423E9F}.Release|Any CPU.Build.0 = Release|Any CPU
	EndGlobalSection
	GlobalSection(NestedProjects) = preSolution
	EndGlobalSection
EndGlobal
